<?xml version="1.0" encoding="utf-8"?>
<Project ToolsVersion="4.0" xmlns="http://schemas.microsoft.com/developer/msbuild/2003">
  <ItemGroup>
    <Filter Include="Core">
      <UniqueIdentifier>{365a65e4-0412-4e1d-8162-899bc78a8079}</UniqueIdentifier>
    </Filter>
    <Filter Include="Graphics">
      <UniqueIdentifier>{1f9a31db-873b-443f-bd6a-1f3242c62cbc}</UniqueIdentifier>
    </Filter>
    <Filter Include="FileIO">
      <UniqueIdentifier>{6762210b-9ddb-4187-83d1-ebc6d09ab957}</UniqueIdentifier>
    </Filter>
    <Filter Include="Utilities">
      <UniqueIdentifier>{e19c94f7-65dd-475e-820e-3b788a126f02}</UniqueIdentifier>
    </Filter>
    <Filter Include="_External">
      <UniqueIdentifier>{976c40ac-99a3-4984-a1c9-3d5bca8eb548}</UniqueIdentifier>
    </Filter>
    <Filter Include="_External\spdlog">
      <UniqueIdentifier>{991b4ecf-bd01-4e08-9c3d-e61f2e982be1}</UniqueIdentifier>
    </Filter>
  </ItemGroup>
  <ItemGroup>
    <ClInclude Include="Sources\Phronesis.hpp" />
    <ClInclude Include="Sources\Phronesis\Core\Engine.hpp">
      <Filter>Core</Filter>
    </ClInclude>
    <ClInclude Include="Sources\Phronesis\Core\Game.hpp">
      <Filter>Core</Filter>
    </ClInclude>
    <ClInclude Include="Sources\Phronesis\Core.hpp">
      <Filter>Core</Filter>
    </ClInclude>
    <ClInclude Include="Sources\Phronesis\Graphics.hpp">
      <Filter>Graphics</Filter>
    </ClInclude>
    <ClInclude Include="Sources\Phronesis\Graphics\RenderUtils.hpp">
      <Filter>Graphics</Filter>
    </ClInclude>
    <ClInclude Include="Sources\Phronesis\Graphics\Renderer.hpp">
      <Filter>Graphics</Filter>
    </ClInclude>
    <ClInclude Include="Sources\Phronesis\Graphics\QueueFamilyIndices.hpp">
      <Filter>Graphics</Filter>
    </ClInclude>
    <ClInclude Include="Sources\Phronesis\Graphics\SwapChainSupportDetails.hpp">
      <Filter>Graphics</Filter>
    </ClInclude>
    <ClInclude Include="Sources\Phronesis\FileIO.hpp">
      <Filter>FileIO</Filter>
    </ClInclude>
    <ClInclude Include="Sources\Phronesis\FileIO\BinaryFile.hpp">
      <Filter>FileIO</Filter>
    </ClInclude>
    <ClInclude Include="Sources\Phronesis\Core\Module.hpp">
      <Filter>Core</Filter>
    </ClInclude>
    <ClInclude Include="Sources\Phronesis\Core\ModuleHandler.hpp">
      <Filter>Core</Filter>
    </ClInclude>
    <ClInclude Include="Sources\StdAfx.hpp" />
    <ClInclude Include="Sources\Phronesis\Utilities\TypeInfo.hpp">
      <Filter>Utilities</Filter>
    </ClInclude>
    <ClInclude Include="Sources\Phronesis\Utilities.hpp">
      <Filter>Utilities</Filter>
    </ClInclude>
    <ClInclude Include="Sources\Phronesis\Core\Log.hpp">
      <Filter>Core</Filter>
    </ClInclude>
    <ClInclude Include="Sources\External\spdlog\sinks\android_sink.h">
      <Filter>_External\spdlog</Filter>
    </ClInclude>
    <ClInclude Include="Sources\External\spdlog\sinks\ansicolor_sink.h">
      <Filter>_External\spdlog</Filter>
    </ClInclude>
    <ClInclude Include="Sources\External\spdlog\async.h">
      <Filter>_External\spdlog</Filter>
    </ClInclude>
    <ClInclude Include="Sources\External\spdlog\async_logger.h">
      <Filter>_External\spdlog</Filter>
    </ClInclude>
    <ClInclude Include="Sources\External\spdlog\details\async_logger_impl.h">
      <Filter>_External\spdlog</Filter>
    </ClInclude>
    <ClInclude Include="Sources\External\spdlog\sinks\base_sink.h">
      <Filter>_External\spdlog</Filter>
    </ClInclude>
    <ClInclude Include="Sources\External\spdlog\sinks\basic_file_sink.h">
      <Filter>_External\spdlog</Filter>
    </ClInclude>
    <ClInclude Include="Sources\External\spdlog\fmt\bin_to_hex.h">
      <Filter>_External\spdlog</Filter>
    </ClInclude>
    <ClInclude Include="Sources\External\spdlog\fmt\bundled\chrono.h">
      <Filter>_External\spdlog</Filter>
    </ClInclude>
    <ClInclude Include="Sources\External\spdlog\details\circular_q.h">
      <Filter>_External\spdlog</Filter>
    </ClInclude>
    <ClInclude Include="Sources\External\spdlog\fmt\bundled\color.h">
      <Filter>_External\spdlog</Filter>
    </ClInclude>
    <ClInclude Include="Sources\External\spdlog\common.h">
      <Filter>_External\spdlog</Filter>
    </ClInclude>
    <ClInclude Include="Sources\External\spdlog\details\console_globals.h">
      <Filter>_External\spdlog</Filter>
    </ClInclude>
    <ClInclude Include="Sources\External\spdlog\fmt\bundled\core.h">
      <Filter>_External\spdlog</Filter>
    </ClInclude>
    <ClInclude Include="Sources\External\spdlog\sinks\daily_file_sink.h">
      <Filter>_External\spdlog</Filter>
    </ClInclude>
    <ClInclude Include="Sources\External\spdlog\sinks\dist_sink.h">
      <Filter>_External\spdlog</Filter>
    </ClInclude>
    <ClInclude Include="Sources\External\spdlog\details\file_helper.h">
      <Filter>_External\spdlog</Filter>
    </ClInclude>
    <ClInclude Include="Sources\External\spdlog\fmt\fmt.h">
      <Filter>_External\spdlog</Filter>
    </ClInclude>
    <ClInclude Include="Sources\External\spdlog\details\fmt_helper.h">
      <Filter>_External\spdlog</Filter>
    </ClInclude>
    <ClInclude Include="Sources\External\spdlog\fmt\bundled\format.h">
      <Filter>_External\spdlog</Filter>
    </ClInclude>
    <ClInclude Include="Sources\External\spdlog\fmt\bundled\format-inl.h">
      <Filter>_External\spdlog</Filter>
    </ClInclude>
    <ClInclude Include="Sources\External\spdlog\formatter.h">
      <Filter>_External\spdlog</Filter>
    </ClInclude>
    <ClInclude Include="Sources\External\spdlog\fmt\bundled\locale.h">
      <Filter>_External\spdlog</Filter>
    </ClInclude>
    <ClInclude Include="Sources\External\spdlog\details\log_msg.h">
      <Filter>_External\spdlog</Filter>
    </ClInclude>
    <ClInclude Include="Sources\External\spdlog\logger.h">
      <Filter>_External\spdlog</Filter>
    </ClInclude>
    <ClInclude Include="Sources\External\spdlog\details\logger_impl.h">
      <Filter>_External\spdlog</Filter>
    </ClInclude>
    <ClInclude Include="Sources\External\spdlog\details\mpmc_blocking_q.h">
      <Filter>_External\spdlog</Filter>
    </ClInclude>
    <ClInclude Include="Sources\External\spdlog\sinks\msvc_sink.h">
      <Filter>_External\spdlog</Filter>
    </ClInclude>
    <ClInclude Include="Sources\External\spdlog\details\null_mutex.h">
      <Filter>_External\spdlog</Filter>
    </ClInclude>
    <ClInclude Include="Sources\External\spdlog\sinks\null_sink.h">
      <Filter>_External\spdlog</Filter>
    </ClInclude>
    <ClInclude Include="Sources\External\spdlog\details\os.h">
      <Filter>_External\spdlog</Filter>
    </ClInclude>
    <ClInclude Include="Sources\External\spdlog\fmt\ostr.h">
      <Filter>_External\spdlog</Filter>
    </ClInclude>
    <ClInclude Include="Sources\External\spdlog\fmt\bundled\ostream.h">
      <Filter>_External\spdlog</Filter>
    </ClInclude>
    <ClInclude Include="Sources\External\spdlog\sinks\ostream_sink.h">
      <Filter>_External\spdlog</Filter>
    </ClInclude>
    <ClInclude Include="Sources\External\spdlog\details\pattern_formatter.h">
      <Filter>_External\spdlog</Filter>
    </ClInclude>
    <ClInclude Include="Sources\External\spdlog\details\periodic_worker.h">
      <Filter>_External\spdlog</Filter>
    </ClInclude>
    <ClInclude Include="Sources\External\spdlog\fmt\bundled\posix.h">
      <Filter>_External\spdlog</Filter>
    </ClInclude>
    <ClInclude Include="Sources\External\spdlog\fmt\bundled\printf.h">
      <Filter>_External\spdlog</Filter>
    </ClInclude>
    <ClInclude Include="Sources\External\spdlog\fmt\bundled\ranges.h">
      <Filter>_External\spdlog</Filter>
    </ClInclude>
    <ClInclude Include="Sources\External\spdlog\details\registry.h">
      <Filter>_External\spdlog</Filter>
    </ClInclude>
    <ClInclude Include="Sources\External\spdlog\sinks\rotating_file_sink.h">
      <Filter>_External\spdlog</Filter>
    </ClInclude>
    <ClInclude Include="Sources\External\spdlog\sinks\sink.h">
      <Filter>_External\spdlog</Filter>
    </ClInclude>
    <ClInclude Include="Sources\External\spdlog\spdlog.h">
      <Filter>_External\spdlog</Filter>
    </ClInclude>
    <ClInclude Include="Sources\External\spdlog\sinks\stdout_color_sinks.h">
      <Filter>_External\spdlog</Filter>
    </ClInclude>
    <ClInclude Include="Sources\External\spdlog\sinks\stdout_sinks.h">
      <Filter>_External\spdlog</Filter>
    </ClInclude>
    <ClInclude Include="Sources\External\spdlog\sinks\syslog_sink.h">
      <Filter>_External\spdlog</Filter>
    </ClInclude>
    <ClInclude Include="Sources\External\spdlog\sinks\systemd_sink.h">
      <Filter>_External\spdlog</Filter>
    </ClInclude>
    <ClInclude Include="Sources\External\spdlog\details\thread_pool.h">
      <Filter>_External\spdlog</Filter>
    </ClInclude>
    <ClInclude Include="Sources\External\spdlog\fmt\bundled\time.h">
      <Filter>_External\spdlog</Filter>
    </ClInclude>
    <ClInclude Include="Sources\External\spdlog\tweakme.h">
      <Filter>_External\spdlog</Filter>
    </ClInclude>
    <ClInclude Include="Sources\External\spdlog\version.h">
      <Filter>_External\spdlog</Filter>
    </ClInclude>
    <ClInclude Include="Sources\External\spdlog\sinks\wincolor_sink.h">
      <Filter>_External\spdlog</Filter>
    </ClInclude>
  </ItemGroup>
  <ItemGroup>
    <ClCompile Include="Sources\Phronesis\Core\Engine.cpp">
      <Filter>Core</Filter>
    </ClCompile>
    <ClCompile Include="Sources\Phronesis\Core\Game.cpp">
      <Filter>Core</Filter>
    </ClCompile>
    <ClCompile Include="Sources\Phronesis\Graphics\RenderUtils.cpp">
      <Filter>Graphics</Filter>
    </ClCompile>
    <ClCompile Include="Sources\Phronesis\Graphics\Renderer.cpp">
      <Filter>Graphics</Filter>
    </ClCompile>
    <ClCompile Include="Sources\Phronesis\Graphics\QueueFamilyIndices.cpp">
      <Filter>Graphics</Filter>
    </ClCompile>
    <ClCompile Include="Sources\Phronesis\FileIO\BinaryFile.cpp">
      <Filter>FileIO</Filter>
    </ClCompile>
    <ClCompile Include="Sources\Phronesis\Core\ModuleHandler.cpp">
      <Filter>Core</Filter>
    </ClCompile>
    <ClCompile Include="Sources\StdAfx.cpp" />
    <ClCompile Include="Sources\Phronesis\Core\Log.cpp">
      <Filter>Core</Filter>
    </ClCompile>
  </ItemGroup>
</Project>