<?xml version="1.0" encoding="utf-8"?>
<Project ToolsVersion="4.0" xmlns="http://schemas.microsoft.com/developer/msbuild/2003">
  <ItemGroup>
    <Filter Include="Core">
      <UniqueIdentifier>{365a65e4-0412-4e1d-8162-899bc78a8079}</UniqueIdentifier>
    </Filter>
    <Filter Include="Graphics">
      <UniqueIdentifier>{1f9a31db-873b-443f-bd6a-1f3242c62cbc}</UniqueIdentifier>
    </Filter>
    <Filter Include="FileIO">
      <UniqueIdentifier>{6762210b-9ddb-4187-83d1-ebc6d09ab957}</UniqueIdentifier>
    </Filter>
    <Filter Include="Utilities">
      <UniqueIdentifier>{e19c94f7-65dd-475e-820e-3b788a126f02}</UniqueIdentifier>
    </Filter>
    <Filter Include="_External">
      <UniqueIdentifier>{976c40ac-99a3-4984-a1c9-3d5bca8eb548}</UniqueIdentifier>
    </Filter>
    <Filter Include="_External\spdlog">
      <UniqueIdentifier>{991b4ecf-bd01-4e08-9c3d-e61f2e982be1}</UniqueIdentifier>
    </Filter>
    <Filter Include="Maths">
      <UniqueIdentifier>{0cb6fd54-7e69-4774-8483-74f132eb6167}</UniqueIdentifier>
    </Filter>
  </ItemGroup>
  <ItemGroup>
    <ClInclude Include="Sources\Phronesis.hpp" />
    <ClInclude Include="Sources\Phronesis\Core\Engine.hpp">
      <Filter>Core</Filter>
    </ClInclude>
    <ClInclude Include="Sources\Phronesis\Core\Game.hpp">
      <Filter>Core</Filter>
    </ClInclude>
    <ClInclude Include="Sources\Phronesis\Core.hpp">
      <Filter>Core</Filter>
    </ClInclude>
    <ClInclude Include="Sources\Phronesis\Graphics.hpp">
      <Filter>Graphics</Filter>
    </ClInclude>
    <ClInclude Include="Sources\Phronesis\Graphics\RenderUtils.hpp">
      <Filter>Graphics</Filter>
    </ClInclude>
    <ClInclude Include="Sources\Phronesis\Graphics\Renderer.hpp">
      <Filter>Graphics</Filter>
    </ClInclude>
    <ClInclude Include="Sources\Phronesis\Graphics\QueueFamilyIndices.hpp">
      <Filter>Graphics</Filter>
    </ClInclude>
    <ClInclude Include="Sources\Phronesis\Graphics\SwapChainSupportDetails.hpp">
      <Filter>Graphics</Filter>
    </ClInclude>
    <ClInclude Include="Sources\Phronesis\FileIO.hpp">
      <Filter>FileIO</Filter>
    </ClInclude>
    <ClInclude Include="Sources\Phronesis\FileIO\BinaryFile.hpp">
      <Filter>FileIO</Filter>
    </ClInclude>
    <ClInclude Include="Sources\Phronesis\Core\Module.hpp">
      <Filter>Core</Filter>
    </ClInclude>
    <ClInclude Include="Sources\Phronesis\Core\ModuleHandler.hpp">
      <Filter>Core</Filter>
    </ClInclude>
    <ClInclude Include="Sources\StdAfx.hpp" />
    <ClInclude Include="Sources\Phronesis\Utilities\TypeInfo.hpp">
      <Filter>Utilities</Filter>
    </ClInclude>
    <ClInclude Include="Sources\Phronesis\Utilities.hpp">
      <Filter>Utilities</Filter>
    </ClInclude>
    <ClInclude Include="Sources\Phronesis\Core\Log.hpp">
      <Filter>Core</Filter>
    </ClInclude>
    <ClInclude Include="Sources\Phronesis\Graphics\Instance.hpp">
      <Filter>Graphics</Filter>
    </ClInclude>
    <ClInclude Include="Sources\Phronesis\Maths\Vector2.hpp">
      <Filter>Maths</Filter>
    </ClInclude>
    <ClInclude Include="Sources\Phronesis\Maths.hpp">
      <Filter>Maths</Filter>
    </ClInclude>
    <ClInclude Include="Sources\Phronesis\Graphics\Window.hpp">
      <Filter>Graphics</Filter>
    </ClInclude>
    <ClInclude Include="Sources\Phronesis\Graphics\PhysicalDevice.hpp">
      <Filter>Graphics</Filter>
    </ClInclude>
    <ClInclude Include="Sources\Phronesis\Graphics\LogicalDevice.hpp">
      <Filter>Graphics</Filter>
    </ClInclude>
  </ItemGroup>
  <ItemGroup>
    <ClCompile Include="Sources\Phronesis\Core\Engine.cpp">
      <Filter>Core</Filter>
    </ClCompile>
    <ClCompile Include="Sources\Phronesis\Core\Game.cpp">
      <Filter>Core</Filter>
    </ClCompile>
    <ClCompile Include="Sources\Phronesis\Graphics\RenderUtils.cpp">
      <Filter>Graphics</Filter>
    </ClCompile>
    <ClCompile Include="Sources\Phronesis\Graphics\Renderer.cpp">
      <Filter>Graphics</Filter>
    </ClCompile>
    <ClCompile Include="Sources\Phronesis\Graphics\QueueFamilyIndices.cpp">
      <Filter>Graphics</Filter>
    </ClCompile>
    <ClCompile Include="Sources\Phronesis\FileIO\BinaryFile.cpp">
      <Filter>FileIO</Filter>
    </ClCompile>
    <ClCompile Include="Sources\Phronesis\Core\ModuleHandler.cpp">
      <Filter>Core</Filter>
    </ClCompile>
    <ClCompile Include="Sources\StdAfx.cpp" />
    <ClCompile Include="Sources\Phronesis\Core\Log.cpp">
      <Filter>Core</Filter>
    </ClCompile>
    <ClCompile Include="Sources\Phronesis\Graphics\Instance.cpp">
      <Filter>Graphics</Filter>
    </ClCompile>
    <ClCompile Include="Sources\Phronesis\Maths\Vector2.cpp">
      <Filter>Maths</Filter>
    </ClCompile>
    <ClCompile Include="Sources\Phronesis\Graphics\Window.cpp">
      <Filter>Graphics</Filter>
    </ClCompile>
    <ClCompile Include="Sources\Phronesis\Core\Module.cpp">
      <Filter>Core</Filter>
    </ClCompile>
    <ClCompile Include="Sources\Phronesis\Graphics\PhysicalDevice.cpp">
      <Filter>Graphics</Filter>
    </ClCompile>
    <ClCompile Include="Sources\Phronesis\Graphics\LogicalDevice.cpp">
      <Filter>Graphics</Filter>
    </ClCompile>
    <ClCompile Include="Sources\Phronesis\Graphics\SwapChainSupportDetails.cpp">
      <Filter>Graphics</Filter>
    </ClCompile>
  </ItemGroup>
  <ItemGroup>
    <None Include="Sources\Phronesis\Maths\Vector2.inl">
      <Filter>Maths</Filter>
    </None>
  </ItemGroup>
</Project>