<?xml version="1.0" encoding="utf-8"?>
<Project ToolsVersion="4.0" xmlns="http://schemas.microsoft.com/developer/msbuild/2003">
  <ItemGroup>
    <Filter Include="Core">
      <UniqueIdentifier>{365a65e4-0412-4e1d-8162-899bc78a8079}</UniqueIdentifier>
    </Filter>
  </ItemGroup>
  <ItemGroup>
    <ClInclude Include="Sources\Phronesis.hpp" />
    <ClInclude Include="Sources\Phronesis\Core\Engine.hpp">
      <Filter>Core</Filter>
    </ClInclude>
    <ClInclude Include="Sources\Phronesis\Core\Game.hpp">
      <Filter>Core</Filter>
    </ClInclude>
    <ClInclude Include="Sources\Phronesis\Core.hpp">
      <Filter>Core</Filter>
    </ClInclude>
  </ItemGroup>
  <ItemGroup>
    <ClCompile Include="Sources\Phronesis\Core\Engine.cpp">
      <Filter>Core</Filter>
    </ClCompile>
    <ClCompile Include="Sources\Phronesis\Core\Game.cpp">
      <Filter>Core</Filter>
    </ClCompile>
  </ItemGroup>
</Project>