<?xml version="1.0" encoding="utf-8"?>
<Project ToolsVersion="4.0" xmlns="http://schemas.microsoft.com/developer/msbuild/2003">
  <ItemGroup>
    <ClCompile Include="Sources\main.cpp" />
    <ClCompile Include="Sources\StdAfx.cpp" />
    <ClCompile Include="Sources\SandboxGame.cpp" />
    <ClCompile Include="Sources\Scene1.cpp" />
  </ItemGroup>
  <ItemGroup>
    <Filter Include="Resources">
      <UniqueIdentifier>{587aeaaa-6653-4235-8462-1b28765ca36c}</UniqueIdentifier>
    </Filter>
    <Filter Include="Resources\Shaders">
      <UniqueIdentifier>{82243cf2-8834-4921-be9d-a29d4d563a9f}</UniqueIdentifier>
      <Extensions>glsl;comp;frag;geom;tesc;tese;vert</Extensions>
    </Filter>
  </ItemGroup>
  <ItemGroup>
    <None Include="Resources\Shaders\shader_base.frag">
      <Filter>Resources\Shaders</Filter>
    </None>
    <None Include="Resources\Shaders\shader_base.vert">
      <Filter>Resources\Shaders</Filter>
    </None>
    <None Include="Resources\Shaders\compileshader.bat">
      <Filter>Resources\Shaders</Filter>
    </None>
  </ItemGroup>
  <ItemGroup>
    <ClInclude Include="Sources\StdAfx.hpp" />
    <ClInclude Include="Sources\SandboxGame.hpp" />
    <ClInclude Include="Sources\Scene1.hpp" />
  </ItemGroup>
</Project>